
Microsoft Visual Studio Solution File, Format Version 12.00
# Visual Studio Version 17
VisualStudioVersion = 17.3.32929.385
MinimumVisualStudioVersion = 10.0.40219.1
Project("{FAE04EC0-301F-11D3-BF4B-00C04F79EFBC}") = "ASP.NET Core appsettings.json file", "ASP.NET Core appsettings.json file\ASP.NET Core appsettings.json file.csproj", "{04FABD64-32F3-4B53-8463-3F47A0B1A312}"
EndProject
Global
	GlobalSection(SolutionConfigurationPlatforms) = preSolution
		Debug|Any CPU = Debug|Any CPU
		Release|Any CPU = Release|Any CPU
	EndGlobalSection
	GlobalSection(ProjectConfigurationPlatforms) = postSolution
		{04FABD64-32F3-4B53-8463-3F47A0B1A312}.Debug|Any CPU.ActiveCfg = Debug|Any CPU
		{04FABD64-32F3-4B53-8463-3F47A0B1A312}.Debug|Any CPU.Build.0 = Debug|Any CPU
		{04FABD64-32F3-4B53-8463-3F47A0B1A312}.Release|Any CPU.ActiveCfg = Release|Any CPU
		{04FABD64-32F3-4B53-8463-3F47A0B1A312}.Release|Any CPU.Build.0 = Release|Any CPU
	EndGlobalSection
	GlobalSection(SolutionProperties) = preSolution
		HideSolutionNode = FALSE
	EndGlobalSection
	GlobalSection(ExtensibilityGlobals) = postSolution
		SolutionGuid = {58C0298A-F669-40C3-95BF-9FA5BE559938}
	EndGlobalSection
EndGlobal
